{
  "name": "test",
  "lockfileVersion": 3,
  "requires": true,
  "packages": {
    "": {
      "dependencies": {
        "create-videos": "^6.0.3"
      }
    },
    "node_modules/create-videos": {
      "version": "6.0.3",
      "resolved": "https://registry.npmjs.org/create-videos/-/create-videos-6.0.3.tgz",
      "integrity": "sha512-SqZkmciN61N+K0QJcf2Cp5pVKKNWNttHECOPYrLPmSy6+hKZ2nCKcHmFjK9sx48gg8Q0s/zlc+HrGEtMOQ5T3w==",
      "license": "MIT",
      "engines": {
        "node": ">=21.2.0"
      }
    }
  }
}
